
Microsoft Visual Studio Solution File, Format Version 12.00
# Visual Studio 2013
VisualStudioVersion = 12.0.21005.1
MinimumVisualStudioVersion = 10.0.40219.1
Project("{8BC9CEB8-8B4A-11D0-8D11-00A0C91BC942}") = "ObserverModel", "ObserverModel\ObserverModel.vcxproj", "{BAE0A54A-B452-4C4E-A660-CD7ADB3A3791}"
EndProject
Global
	GlobalSection(SolutionConfigurationPlatforms) = preSolution
		Debug|Win32 = Debug|Win32
		Release|Win32 = Release|Win32
	EndGlobalSection
	GlobalSection(ProjectConfigurationPlatforms) = postSolution
		{BAE0A54A-B452-4C4E-A660-CD7ADB3A3791}.Debug|Win32.ActiveCfg = Debug|Win32
		{BAE0A54A-B452-4C4E-A660-CD7ADB3A3791}.Debug|Win32.Build.0 = Debug|Win32
		{BAE0A54A-B452-4C4E-A660-CD7ADB3A3791}.Release|Win32.ActiveCfg = Release|Win32
		{BAE0A54A-B452-4C4E-A660-CD7ADB3A3791}.Release|Win32.Build.0 = Release|Win32
	EndGlobalSection
	GlobalSection(SolutionProperties) = preSolution
		HideSolutionNode = FALSE
	EndGlobalSection
EndGlobal
